
Microsoft Visual Studio Solution File, Format Version 12.00
Project("{FAE04EC0-301F-11D3-BF4B-00C04F79EFBC}") = "Valsom.VoiceAttack.Tests", "Valsom.VoiceAttack.Tests\Valsom.VoiceAttack.Tests.csproj", "{92E0380A-2459-42AB-BC75-6CDC28BA4CE1}"
EndProject
Project("{FAE04EC0-301F-11D3-BF4B-00C04F79EFBC}") = "Valsom.VoiceAttack", "Valsom.VoiceAttack\Valsom.VoiceAttack.csproj", "{6F418B4F-2DBC-412B-BF80-ABD040C746F8}"
EndProject
Global
	GlobalSection(SolutionConfigurationPlatforms) = preSolution
		Debug|Any CPU = Debug|Any CPU
		Release|Any CPU = Release|Any CPU
	EndGlobalSection
	GlobalSection(ProjectConfigurationPlatforms) = postSolution
		{92E0380A-2459-42AB-BC75-6CDC28BA4CE1}.Debug|Any CPU.ActiveCfg = Debug|Any CPU
		{92E0380A-2459-42AB-BC75-6CDC28BA4CE1}.Debug|Any CPU.Build.0 = Debug|Any CPU
		{92E0380A-2459-42AB-BC75-6CDC28BA4CE1}.Release|Any CPU.ActiveCfg = Release|Any CPU
		{92E0380A-2459-42AB-BC75-6CDC28BA4CE1}.Release|Any CPU.Build.0 = Release|Any CPU
		{6F418B4F-2DBC-412B-BF80-ABD040C746F8}.Debug|Any CPU.ActiveCfg = Debug|Any CPU
		{6F418B4F-2DBC-412B-BF80-ABD040C746F8}.Debug|Any CPU.Build.0 = Debug|Any CPU
		{6F418B4F-2DBC-412B-BF80-ABD040C746F8}.Release|Any CPU.ActiveCfg = Release|Any CPU
		{6F418B4F-2DBC-412B-BF80-ABD040C746F8}.Release|Any CPU.Build.0 = Release|Any CPU
	EndGlobalSection
EndGlobal
